<?xml version="1.0" encoding="utf-8"?>
<Project ToolsVersion="4.0" xmlns="http://schemas.microsoft.com/developer/msbuild/2003">
  <ItemGroup>
    <Filter Include="Source Files">
      <UniqueIdentifier>{4FC737F1-C7A5-4376-A066-2A32D752A2FF}</UniqueIdentifier>
      <Extensions>cpp;c;cc;cxx;def;odl;idl;hpj;bat;asm;asmx</Extensions>
    </Filter>
    <Filter Include="Resource Files">
      <UniqueIdentifier>{67DA6AB6-F800-4c08-8B7A-83BB121AAD01}</UniqueIdentifier>
      <Extensions>rc;ico;cur;bmp;dlg;rc2;rct;bin;rgs;gif;jpg;jpeg;jpe;resx;tiff;tif;png;wav;mfcribbon-ms</Extensions>
    </Filter>
    <Filter Include="Header Files">
      <UniqueIdentifier>{93995380-89BD-4b04-88EB-625FBE52EBFB}</UniqueIdentifier>
      <Extensions>h;hh;hpp;hxx;hm;inl;inc;xsd</Extensions>
    </Filter>
    <Filter Include="Source Files\ServerConnect">
      <UniqueIdentifier>{050d3067-51f4-42ca-ab8a-d304ca0e674b}</UniqueIdentifier>
    </Filter>
    <Filter Include="Source Files\side_detect">
      <UniqueIdentifier>{2de6091a-f860-44b2-a36f-9ce350e5c129}</UniqueIdentifier>
    </Filter>
    <Filter Include="Source Files\detect">
      <UniqueIdentifier>{4d347758-6014-4c12-973a-43bab0774f37}</UniqueIdentifier>
    </Filter>
    <Filter Include="Header Files\side_detect">
      <UniqueIdentifier>{0126c4d2-38ea-41b3-ba69-12a1323d5d9b}</UniqueIdentifier>
    </Filter>
    <Filter Include="Header Files\detect">
      <UniqueIdentifier>{4a4686be-77d3-41f5-a87d-2e4c028d933d}</UniqueIdentifier>
    </Filter>
  </ItemGroup>
  <ItemGroup>
    <ClCompile Include="socketcpp\tcpClient.cpp">
      <Filter>Source Files\ServerConnect</Filter>
    </ClCompile>
    <ClCompile Include="side_detect\east_filter.cpp">
      <Filter>Source Files\side_detect</Filter>
    </ClCompile>
    <ClCompile Include="side_detect\mser_filter.cpp">
      <Filter>Source Files\side_detect</Filter>
    </ClCompile>
    <ClCompile Include="side_detect\side_detect.cpp">
      <Filter>Source Files\side_detect</Filter>
    </ClCompile>
    <ClCompile Include="side_detect\side_utils.cpp">
      <Filter>Source Files\side_detect</Filter>
    </ClCompile>
    <ClCompile Include="side_detect\synth_detector.cpp">
      <Filter>Source Files\side_detect</Filter>
    </ClCompile>
    <ClCompile Include="detect\getMSER.cpp">
      <Filter>Source Files\detect</Filter>
    </ClCompile>
    <ClCompile Include="detect\NumberDetector.cpp">
      <Filter>Source Files\detect</Filter>
    </ClCompile>
    <ClCompile Include="detect\recallratio.cpp">
      <Filter>Source Files\detect</Filter>
    </ClCompile>
    <ClCompile Include="detect\synth.cpp">
      <Filter>Source Files\detect</Filter>
    </ClCompile>
    <ClCompile Include="detect\utils.cpp">
      <Filter>Source Files\detect</Filter>
    </ClCompile>
    <ClCompile Include="test.cpp">
      <Filter>Source Files</Filter>
    </ClCompile>
    <ClCompile Include="lcss.cpp">
      <Filter>Source Files</Filter>
    </ClCompile>
    <ClCompile Include="mostSimMatch.cpp">
      <Filter>Source Files</Filter>
    </ClCompile>
    <ClCompile Include="numMostSim.cpp">
      <Filter>Source Files</Filter>
    </ClCompile>
  </ItemGroup>
  <ItemGroup>
    <ClInclude Include="side_detect\east_filter.h">
      <Filter>Header Files\side_detect</Filter>
    </ClInclude>
    <ClInclude Include="side_detect\mser_filter.h">
      <Filter>Header Files\side_detect</Filter>
    </ClInclude>
    <ClInclude Include="side_detect\side_detect.h">
      <Filter>Header Files\side_detect</Filter>
    </ClInclude>
    <ClInclude Include="side_detect\side_utils.h">
      <Filter>Header Files\side_detect</Filter>
    </ClInclude>
    <ClInclude Include="side_detect\synth_detector.h">
      <Filter>Header Files\side_detect</Filter>
    </ClInclude>
    <ClInclude Include="detect\colors.h">
      <Filter>Header Files\detect</Filter>
    </ClInclude>
    <ClInclude Include="detect\config.h">
      <Filter>Header Files\detect</Filter>
    </ClInclude>
    <ClInclude Include="detect\detect.h">
      <Filter>Header Files\detect</Filter>
    </ClInclude>
    <ClInclude Include="detect\MyTypes.h">
      <Filter>Header Files\detect</Filter>
    </ClInclude>
    <ClInclude Include="detect\NumberDetector.h">
      <Filter>Header Files\detect</Filter>
    </ClInclude>
    <ClInclude Include="detect\recallratio.h">
      <Filter>Header Files\detect</Filter>
    </ClInclude>
    <ClInclude Include="detect\utils.h">
      <Filter>Header Files\detect</Filter>
    </ClInclude>
    <ClInclude Include="socketcpp\tcpClient.h">
      <Filter>Header Files</Filter>
    </ClInclude>
  </ItemGroup>
</Project>